
Microsoft Visual Studio Solution File, Format Version 12.00
# Visual Studio Version 16
VisualStudioVersion = 16.0.29324.140
MinimumVisualStudioVersion = 10.0.40219.1
Project("{FAE04EC0-301F-11D3-BF4B-00C04F79EFBC}") = "MouseGame", "MouseGame\MouseGame.csproj", "{CE8120CC-6875-46E4-A7BF-4125C668A608}"
EndProject
Global
	GlobalSection(SolutionConfigurationPlatforms) = preSolution
		Debug|x86 = Debug|x86
		Release|x86 = Release|x86
	EndGlobalSection
	GlobalSection(ProjectConfigurationPlatforms) = postSolution
		{CE8120CC-6875-46E4-A7BF-4125C668A608}.Debug|x86.ActiveCfg = Debug|x86
		{CE8120CC-6875-46E4-A7BF-4125C668A608}.Debug|x86.Build.0 = Debug|x86
		{CE8120CC-6875-46E4-A7BF-4125C668A608}.Release|x86.ActiveCfg = Release|x86
		{CE8120CC-6875-46E4-A7BF-4125C668A608}.Release|x86.Build.0 = Release|x86
	EndGlobalSection
	GlobalSection(SolutionProperties) = preSolution
		HideSolutionNode = FALSE
	EndGlobalSection
	GlobalSection(ExtensibilityGlobals) = postSolution
		SolutionGuid = {87EBFD20-FB6A-4EB4-AA40-1B2DF8309E7A}
	EndGlobalSection
EndGlobal
